// !$*UTF8*$!
{
	archiveVersion = 1;
	classes = {
	};
	objectVersion = 77;
	objects = {

/* Begin PBXBuildFile section */
		5B0A1C2D3E4F50617283940D /* ProxmoxCore in Frameworks */ = {isa = PBXBuildFile; productRef = 5B0A1C2D3E4F50617283940C /* ProxmoxCore */; };
		CA8EB8A4AC501DE493151E22 /* Sparkle in Frameworks */ = {isa = PBXBuildFile; productRef = 9B46B23EDC0B6466E862CBCD /* Sparkle */; };
/* End PBXBuildFile section */

/* Begin PBXContainerItemProxy section */
		F267CF69294BD08B4CF23CF1 /* PBXContainerItemProxy */ = {
			isa = PBXContainerItemProxy;
			containerPortal = D95719A26C309FCFBE95D551 /* Project object */;
			proxyType = 1;
			remoteGlobalIDString = 90DF879BDB8E8FBD0273DE71;
			remoteInfo = ProxmoxBar;
		};
/* End PBXContainerItemProxy section */

/* Begin PBXFileReference section */
		20BBDD5C0B2316B5BB199DE0 /* ProxmoxBarTests.xctest */ = {isa = PBXFileReference; explicitFileType = wrapper.cfbundle; includeInIndex = 0; path = ProxmoxBarTests.xctest; sourceTree = BUILT_PRODUCTS_DIR; };
		5B0A1C2D3E4F506172839404 /* Shared.xcconfig */ = {isa = PBXFileReference; lastKnownFileType = text.xcconfig; path = Shared.xcconfig; sourceTree = "<group>"; };
		5B0A1C2D3E4F506172839405 /* Debug.xcconfig */ = {isa = PBXFileReference; lastKnownFileType = text.xcconfig; path = Debug.xcconfig; sourceTree = "<group>"; };
		5B0A1C2D3E4F506172839406 /* Release.xcconfig */ = {isa = PBXFileReference; lastKnownFileType = text.xcconfig; path = Release.xcconfig; sourceTree = "<group>"; };
		5B0A1C2D3E4F506172839407 /* App.xcconfig */ = {isa = PBXFileReference; lastKnownFileType = text.xcconfig; path = App.xcconfig; sourceTree = "<group>"; };
		5B0A1C2D3E4F506172839408 /* Tests.xcconfig */ = {isa = PBXFileReference; lastKnownFileType = text.xcconfig; path = Tests.xcconfig; sourceTree = "<group>"; };
		D301AE309A09F3B023797229 /* ProxmoxBar.app */ = {isa = PBXFileReference; explicitFileType = wrapper.application; includeInIndex = 0; path = ProxmoxBar.app; sourceTree = BUILT_PRODUCTS_DIR; };
/* End PBXFileReference section */

/* Begin PBXFileSystemSynchronizedBuildFileExceptionSet section */
		5B0A1C2D3E4F50617283940A /* Exceptions for "ProxmoxBar" folder in "ProxmoxBar" target */ = {
			isa = PBXFileSystemSynchronizedBuildFileExceptionSet;
			membershipExceptions = (
				Info.plist,
			);
			target = 90DF879BDB8E8FBD0273DE71 /* ProxmoxBar */;
		};
/* End PBXFileSystemSynchronizedBuildFileExceptionSet section */

/* Begin PBXFileSystemSynchronizedRootGroup section */
		5B0A1C2D3E4F506172839401 /* ProxmoxBar */ = {
			isa = PBXFileSystemSynchronizedRootGroup;
			exceptions = (
				5B0A1C2D3E4F50617283940A /* Exceptions for "ProxmoxBar" folder in "ProxmoxBar" target */,
			);
			path = ProxmoxBar;
			sourceTree = "<group>";
		};
		5B0A1C2D3E4F506172839402 /* ProxmoxBarTests */ = {
			isa = PBXFileSystemSynchronizedRootGroup;
			path = ProxmoxBarTests;
			sourceTree = "<group>";
		};
/* End PBXFileSystemSynchronizedRootGroup section */

/* Begin PBXFrameworksBuildPhase section */
		627A563376DC44951B0F2065 /* Frameworks */ = {
			isa = PBXFrameworksBuildPhase;
			buildActionMask = 2147483647;
			files = (
				5B0A1C2D3E4F50617283940D /* ProxmoxCore in Frameworks */,
				CA8EB8A4AC501DE493151E22 /* Sparkle in Frameworks */,
			);
			runOnlyForDeploymentPostprocessing = 0;
		};
/* End PBXFrameworksBuildPhase section */

/* Begin PBXGroup section */
		4570C9F74E75E7487E5C0F12 = {
			isa = PBXGroup;
			children = (
				5B0A1C2D3E4F506172839401 /* ProxmoxBar */,
				5B0A1C2D3E4F506172839402 /* ProxmoxBarTests */,
				5B0A1C2D3E4F506172839403 /* Configurations */,
				E548BFDE2EADB265E47472A3 /* Products */,
			);
			sourceTree = "<group>";
		};
		5B0A1C2D3E4F506172839403 /* Configurations */ = {
			isa = PBXGroup;
			children = (
				5B0A1C2D3E4F506172839404 /* Shared.xcconfig */,
				5B0A1C2D3E4F506172839405 /* Debug.xcconfig */,
				5B0A1C2D3E4F506172839406 /* Release.xcconfig */,
				5B0A1C2D3E4F506172839407 /* App.xcconfig */,
				5B0A1C2D3E4F506172839408 /* Tests.xcconfig */,
			);
			path = Configurations;
			sourceTree = "<group>";
		};
		E548BFDE2EADB265E47472A3 /* Products */ = {
			isa = PBXGroup;
			children = (
				D301AE309A09F3B023797229 /* ProxmoxBar.app */,
				20BBDD5C0B2316B5BB199DE0 /* ProxmoxBarTests.xctest */,
			);
			name = Products;
			sourceTree = "<group>";
		};
/* End PBXGroup section */

/* Begin PBXNativeTarget section */
		17A4D9B845D816B2028B61ED /* ProxmoxBarTests */ = {
			isa = PBXNativeTarget;
			buildConfigurationList = 5EFBB85CE15A5DDD0D32F6F6 /* Build configuration list for PBXNativeTarget "ProxmoxBarTests" */;
			buildPhases = (
				9A818B75C159E1C491529298 /* Sources */,
			);
			buildRules = (
			);
			dependencies = (
				6E795AA2AD328C36C751A268 /* PBXTargetDependency */,
			);
			fileSystemSynchronizedGroups = (
				5B0A1C2D3E4F506172839402 /* ProxmoxBarTests */,
			);
			name = ProxmoxBarTests;
			packageProductDependencies = (
			);
			productName = ProxmoxBarTests;
			productReference = 20BBDD5C0B2316B5BB199DE0 /* ProxmoxBarTests.xctest */;
			productType = "com.apple.product-type.bundle.unit-test";
		};
		90DF879BDB8E8FBD0273DE71 /* ProxmoxBar */ = {
			isa = PBXNativeTarget;
			buildConfigurationList = 543F39E2912E7A07E26E7676 /* Build configuration list for PBXNativeTarget "ProxmoxBar" */;
			buildPhases = (
				42C208F4752462B1B03A3706 /* Sources */,
				F6C493D05F9F94D2FCF70616 /* Resources */,
				627A563376DC44951B0F2065 /* Frameworks */,
			);
			buildRules = (
			);
			dependencies = (
			);
			fileSystemSynchronizedGroups = (
				5B0A1C2D3E4F506172839401 /* ProxmoxBar */,
			);
			name = ProxmoxBar;
			packageProductDependencies = (
				5B0A1C2D3E4F50617283940C /* ProxmoxCore */,
				9B46B23EDC0B6466E862CBCD /* Sparkle */,
			);
			productName = ProxmoxBar;
			productReference = D301AE309A09F3B023797229 /* ProxmoxBar.app */;
			productType = "com.apple.product-type.application";
		};
/* End PBXNativeTarget section */

/* Begin PBXProject section */
		D95719A26C309FCFBE95D551 /* Project object */ = {
			isa = PBXProject;
			attributes = {
				BuildIndependentTargetsInParallel = YES;
				LastUpgradeCheck = 1430;
				TargetAttributes = {
				};
			};
			buildConfigurationList = A0E8C6D375EBCF64F5BE787D /* Build configuration list for PBXProject "ProxmoxBar" */;
			developmentRegion = en;
			hasScannedForEncodings = 0;
			knownRegions = (
				Base,
				en,
			);
			mainGroup = 4570C9F74E75E7487E5C0F12;
			minimizedProjectReferenceProxies = 1;
			packageReferences = (
				5B0A1C2D3E4F50617283940B /* XCLocalSwiftPackageReference "ProxmoxCore" */,
				A846F652FA450833163B400B /* XCRemoteSwiftPackageReference "Sparkle" */,
			);
			preferredProjectObjectVersion = 77;
			productRefGroup = E548BFDE2EADB265E47472A3 /* Products */;
			projectDirPath = "";
			projectRoot = "";
			targets = (
				90DF879BDB8E8FBD0273DE71 /* ProxmoxBar */,
				17A4D9B845D816B2028B61ED /* ProxmoxBarTests */,
			);
		};
/* End PBXProject section */

/* Begin PBXResourcesBuildPhase section */
		F6C493D05F9F94D2FCF70616 /* Resources */ = {
			isa = PBXResourcesBuildPhase;
			buildActionMask = 2147483647;
			files = (
			);
			runOnlyForDeploymentPostprocessing = 0;
		};
/* End PBXResourcesBuildPhase section */

/* Begin PBXSourcesBuildPhase section */
		42C208F4752462B1B03A3706 /* Sources */ = {
			isa = PBXSourcesBuildPhase;
			buildActionMask = 2147483647;
			files = (
			);
			runOnlyForDeploymentPostprocessing = 0;
		};
		9A818B75C159E1C491529298 /* Sources */ = {
			isa = PBXSourcesBuildPhase;
			buildActionMask = 2147483647;
			files = (
			);
			runOnlyForDeploymentPostprocessing = 0;
		};
/* End PBXSourcesBuildPhase section */

/* Begin PBXTargetDependency section */
		6E795AA2AD328C36C751A268 /* PBXTargetDependency */ = {
			isa = PBXTargetDependency;
			target = 90DF879BDB8E8FBD0273DE71 /* ProxmoxBar */;
			targetProxy = F267CF69294BD08B4CF23CF1 /* PBXContainerItemProxy */;
		};
/* End PBXTargetDependency section */

/* Begin XCBuildConfiguration section */
		3DF7E3CB8962FABA8F4E4DBD /* Release */ = {
			isa = XCBuildConfiguration;
			baseConfigurationReference = 5B0A1C2D3E4F506172839407 /* App.xcconfig */;
			buildSettings = {
			};
			name = Release;
		};
		5AEC9B6B900C746CC5E6FAAB /* Debug */ = {
			isa = XCBuildConfiguration;
			baseConfigurationReference = 5B0A1C2D3E4F506172839408 /* Tests.xcconfig */;
			buildSettings = {
			};
			name = Debug;
		};
		65A9AC83B98F3D321AC8CEA8 /* Release */ = {
			isa = XCBuildConfiguration;
			baseConfigurationReference = 5B0A1C2D3E4F506172839408 /* Tests.xcconfig */;
			buildSettings = {
			};
			name = Release;
		};
		9605AF90AD29E03663335539 /* Debug */ = {
			isa = XCBuildConfiguration;
			baseConfigurationReference = 5B0A1C2D3E4F506172839407 /* App.xcconfig */;
			buildSettings = {
			};
			name = Debug;
		};
		B67CE78EE27C8520D8D9BE69 /* Debug */ = {
			isa = XCBuildConfiguration;
			baseConfigurationReference = 5B0A1C2D3E4F506172839405 /* Debug.xcconfig */;
			buildSettings = {
			};
			name = Debug;
		};
		F74D9368518E22D8006FF53C /* Release */ = {
			isa = XCBuildConfiguration;
			baseConfigurationReference = 5B0A1C2D3E4F506172839406 /* Release.xcconfig */;
			buildSettings = {
			};
			name = Release;
		};
/* End XCBuildConfiguration section */

/* Begin XCConfigurationList section */
		543F39E2912E7A07E26E7676 /* Build configuration list for PBXNativeTarget "ProxmoxBar" */ = {
			isa = XCConfigurationList;
			buildConfigurations = (
				9605AF90AD29E03663335539 /* Debug */,
				3DF7E3CB8962FABA8F4E4DBD /* Release */,
			);
			defaultConfigurationIsVisible = 0;
			defaultConfigurationName = Debug;
		};
		5EFBB85CE15A5DDD0D32F6F6 /* Build configuration list for PBXNativeTarget "ProxmoxBarTests" */ = {
			isa = XCConfigurationList;
			buildConfigurations = (
				5AEC9B6B900C746CC5E6FAAB /* Debug */,
				65A9AC83B98F3D321AC8CEA8 /* Release */,
			);
			defaultConfigurationIsVisible = 0;
			defaultConfigurationName = Debug;
		};
		A0E8C6D375EBCF64F5BE787D /* Build configuration list for PBXProject "ProxmoxBar" */ = {
			isa = XCConfigurationList;
			buildConfigurations = (
				B67CE78EE27C8520D8D9BE69 /* Debug */,
				F74D9368518E22D8006FF53C /* Release */,
			);
			defaultConfigurationIsVisible = 0;
			defaultConfigurationName = Debug;
		};
/* End XCConfigurationList section */

/* Begin XCLocalSwiftPackageReference section */
		5B0A1C2D3E4F50617283940B /* XCLocalSwiftPackageReference "ProxmoxCore" */ = {
			isa = XCLocalSwiftPackageReference;
			relativePath = ProxmoxCore;
		};
/* End XCLocalSwiftPackageReference section */

/* Begin XCRemoteSwiftPackageReference section */
		A846F652FA450833163B400B /* XCRemoteSwiftPackageReference "Sparkle" */ = {
			isa = XCRemoteSwiftPackageReference;
			repositoryURL = "https://github.com/sparkle-project/Sparkle";
			requirement = {
				kind = upToNextMajorVersion;
				minimumVersion = 2.9.5;
			};
		};
/* End XCRemoteSwiftPackageReference section */

/* Begin XCSwiftPackageProductDependency section */
		5B0A1C2D3E4F50617283940C /* ProxmoxCore */ = {
			isa = XCSwiftPackageProductDependency;
			productName = ProxmoxCore;
		};
		9B46B23EDC0B6466E862CBCD /* Sparkle */ = {
			isa = XCSwiftPackageProductDependency;
			package = A846F652FA450833163B400B /* XCRemoteSwiftPackageReference "Sparkle" */;
			productName = Sparkle;
		};
/* End XCSwiftPackageProductDependency section */
	};
	rootObject = D95719A26C309FCFBE95D551 /* Project object */;
}
