// !$*UTF8*$!
{
	archiveVersion = 1;
	classes = {
	};
	objectVersion = 110;
	objects = {

/* Begin PBXBuildFile section */
		F63436E730291684008D367B /* WidgetKit.framework in Frameworks */ = {isa = PBXBuildFile; fileRef = F63436E630291684008D367B /* WidgetKit.framework */; };
		F63436E930291684008D367B /* SwiftUI.framework in Frameworks */ = {isa = PBXBuildFile; fileRef = F63436E830291684008D367B /* SwiftUI.framework */; };
		F63436F630291685008D367B /* ProxmoxBarWidgetExtension.appex in Embed Foundation Extensions */ = {isa = PBXBuildFile; fileRef = F63436E530291684008D367B /* ProxmoxBarWidgetExtension.appex */; settings = {ATTRIBUTES = (RemoveHeadersOnCopy, ); }; };
		F67C18883025DC3A00F46744 /* Sparkle in Frameworks */ = {isa = PBXBuildFile; productRef = F67C18873025DC3A00F46744 /* Sparkle */; };
/* End PBXBuildFile section */

/* Begin PBXContainerItemProxy section */
		F63436F430291685008D367B /* PBXContainerItemProxy */ = {
			isa = PBXContainerItemProxy;
			containerPortal = F6600A3830232DDE003199BC /* Project object */;
			proxyType = 1;
			remoteGlobalIDString = F63436E430291684008D367B;
			remoteInfo = ProxmoxBarWidgetExtension;
		};
		F6600A4E30232DE0003199BC /* PBXContainerItemProxy */ = {
			isa = PBXContainerItemProxy;
			containerPortal = F6600A3830232DDE003199BC /* Project object */;
			proxyType = 1;
			remoteGlobalIDString = F6600A3F30232DDE003199BC;
			remoteInfo = ProxmoxBar;
		};
/* End PBXContainerItemProxy section */

/* Begin PBXCopyFilesBuildPhase section */
		F63436FB30291685008D367B /* Embed Foundation Extensions */ = {
			isa = PBXCopyFilesBuildPhase;
			dstPath = "";
			dstSubfolder = PlugIns;
			files = (
				F63436F630291685008D367B /* ProxmoxBarWidgetExtension.appex in Embed Foundation Extensions */,
			);
			name = "Embed Foundation Extensions";
		};
/* End PBXCopyFilesBuildPhase section */

/* Begin PBXFileReference section */
		F63436E530291684008D367B /* ProxmoxBarWidgetExtension.appex */ = {isa = PBXFileReference; explicitFileType = "wrapper.app-extension"; includeInIndex = 0; path = ProxmoxBarWidgetExtension.appex; sourceTree = BUILT_PRODUCTS_DIR; };
		F63436E630291684008D367B /* WidgetKit.framework */ = {isa = PBXFileReference; lastKnownFileType = wrapper.framework; name = WidgetKit.framework; path = System/Library/Frameworks/WidgetKit.framework; sourceTree = SDKROOT; };
		F63436E830291684008D367B /* SwiftUI.framework */ = {isa = PBXFileReference; lastKnownFileType = wrapper.framework; name = SwiftUI.framework; path = System/Library/Frameworks/SwiftUI.framework; sourceTree = SDKROOT; };
		F6600A4030232DDE003199BC /* ProxmoxBar.app */ = {isa = PBXFileReference; explicitFileType = wrapper.application; includeInIndex = 0; path = ProxmoxBar.app; sourceTree = BUILT_PRODUCTS_DIR; };
		F6600A4D30232DE0003199BC /* ProxmoxBarTests.xctest */ = {isa = PBXFileReference; explicitFileType = wrapper.cfbundle; includeInIndex = 0; path = ProxmoxBarTests.xctest; sourceTree = BUILT_PRODUCTS_DIR; };
/* End PBXFileReference section */

/* Begin PBXFileSystemSynchronizedBuildFileExceptionSet section */
		F63436FA30291685008D367B /* Exceptions for "ProxmoxBarWidget" folder in "ProxmoxBarWidgetExtension" target */ = {
			isa = PBXFileSystemSynchronizedBuildFileExceptionSet;
			membershipExceptions = (
				Info.plist,
			);
			target = F63436E430291684008D367B /* ProxmoxBarWidgetExtension */;
		};
		F63437E330291A50008D367B /* Exceptions for "ProxmoxBar" folder in "ProxmoxBarWidgetExtension" target */ = {
			isa = PBXFileSystemSynchronizedBuildFileExceptionSet;
			membershipExceptions = (
				Widgets/WidgetSnapshot.swift,
			);
			target = F63436E430291684008D367B /* ProxmoxBarWidgetExtension */;
		};
		F6600AA030232DDE003199BC /* Exceptions for "ProxmoxBar" folder in "ProxmoxBar" target */ = {
			isa = PBXFileSystemSynchronizedBuildFileExceptionSet;
			membershipExceptions = (
				Info.plist,
			);
			target = F6600A3F30232DDE003199BC /* ProxmoxBar */;
		};
/* End PBXFileSystemSynchronizedBuildFileExceptionSet section */

/* Begin PBXFileSystemSynchronizedRootGroup section */
		F63436EA30291684008D367B /* ProxmoxBarWidget */ = {
			isa = PBXFileSystemSynchronizedRootGroup;
			exceptions = (
				F63436FA30291685008D367B /* Exceptions for "ProxmoxBarWidget" folder in "ProxmoxBarWidgetExtension" target */,
			);
			path = ProxmoxBarWidget;
			sourceTree = "<group>";
		};
		F6600A4230232DDE003199BC /* ProxmoxBar */ = {
			isa = PBXFileSystemSynchronizedRootGroup;
			exceptions = (
				F6600AA030232DDE003199BC /* Exceptions for "ProxmoxBar" folder in "ProxmoxBar" target */,
				F63437E330291A50008D367B /* Exceptions for "ProxmoxBar" folder in "ProxmoxBarWidgetExtension" target */,
			);
			path = ProxmoxBar;
			sourceTree = "<group>";
		};
		F6600A5030232DE0003199BC /* ProxmoxBarTests */ = {
			isa = PBXFileSystemSynchronizedRootGroup;
			path = ProxmoxBarTests;
			sourceTree = "<group>";
		};
/* End PBXFileSystemSynchronizedRootGroup section */

/* Begin PBXFrameworksBuildPhase section */
		F63436E230291684008D367B /* Frameworks */ = {
			isa = PBXFrameworksBuildPhase;
			files = (
				F63436E930291684008D367B /* SwiftUI.framework in Frameworks */,
				F63436E730291684008D367B /* WidgetKit.framework in Frameworks */,
			);
		};
		F6600A3D30232DDE003199BC /* Frameworks */ = {
			isa = PBXFrameworksBuildPhase;
			files = (
				F67C18883025DC3A00F46744 /* Sparkle in Frameworks */,
			);
		};
		F6600A4A30232DE0003199BC /* Frameworks */ = {
			isa = PBXFrameworksBuildPhase;
			files = (
			);
		};
/* End PBXFrameworksBuildPhase section */

/* Begin PBXGroup section */
		F6600A3730232DDE003199BC = {
			isa = PBXGroup;
			children = (
				F6600A4230232DDE003199BC /* ProxmoxBar */,
				F6600A5030232DE0003199BC /* ProxmoxBarTests */,
				F63436EA30291684008D367B /* ProxmoxBarWidget */,
				F67C18863025DC3A00F46744 /* Frameworks */,
				F6600A4130232DDE003199BC /* Products */,
			);
			sourceTree = "<group>";
		};
		F6600A4130232DDE003199BC /* Products */ = {
			isa = PBXGroup;
			children = (
				F6600A4030232DDE003199BC /* ProxmoxBar.app */,
				F6600A4D30232DE0003199BC /* ProxmoxBarTests.xctest */,
				F63436E530291684008D367B /* ProxmoxBarWidgetExtension.appex */,
			);
			name = Products;
			sourceTree = "<group>";
		};
		F67C18863025DC3A00F46744 /* Frameworks */ = {
			isa = PBXGroup;
			children = (
				F63436E630291684008D367B /* WidgetKit.framework */,
				F63436E830291684008D367B /* SwiftUI.framework */,
			);
			name = Frameworks;
			sourceTree = "<group>";
		};
/* End PBXGroup section */

/* Begin PBXNativeTarget section */
		F63436E430291684008D367B /* ProxmoxBarWidgetExtension */ = {
			isa = PBXNativeTarget;
			buildConfigurationList = F63436F730291685008D367B /* Build configuration list for PBXNativeTarget "ProxmoxBarWidgetExtension" */;
			buildPhases = (
				F63436E130291684008D367B /* Sources */,
				F63436E230291684008D367B /* Frameworks */,
				F63436E330291684008D367B /* Resources */,
			);
			buildRules = (
			);
			fileSystemSynchronizedGroups = (
				F63436EA30291684008D367B /* ProxmoxBarWidget */,
			);
			name = ProxmoxBarWidgetExtension;
			productName = ProxmoxBarWidgetExtension;
			productReference = F63436E530291684008D367B /* ProxmoxBarWidgetExtension.appex */;
			productType = "com.apple.product-type.app-extension";
		};
		F6600A3F30232DDE003199BC /* ProxmoxBar */ = {
			isa = PBXNativeTarget;
			buildConfigurationList = F6600A5F30232DE0003199BC /* Build configuration list for PBXNativeTarget "ProxmoxBar" */;
			buildPhases = (
				F6600A3C30232DDE003199BC /* Sources */,
				F6600A3D30232DDE003199BC /* Frameworks */,
				F6600A3E30232DDE003199BC /* Resources */,
				F63436FB30291685008D367B /* Embed Foundation Extensions */,
			);
			buildRules = (
			);
			dependencies = (
				F63436F530291685008D367B /* PBXTargetDependency */,
			);
			fileSystemSynchronizedGroups = (
				F6600A4230232DDE003199BC /* ProxmoxBar */,
			);
			name = ProxmoxBar;
			packageProductDependencies = (
				F67C18873025DC3A00F46744 /* Sparkle */,
			);
			productName = ProxmoxBar;
			productReference = F6600A4030232DDE003199BC /* ProxmoxBar.app */;
			productType = "com.apple.product-type.application";
		};
		F6600A4C30232DE0003199BC /* ProxmoxBarTests */ = {
			isa = PBXNativeTarget;
			buildConfigurationList = F6600A6230232DE0003199BC /* Build configuration list for PBXNativeTarget "ProxmoxBarTests" */;
			buildPhases = (
				F6600A4930232DE0003199BC /* Sources */,
				F6600A4A30232DE0003199BC /* Frameworks */,
				F6600A4B30232DE0003199BC /* Resources */,
			);
			buildRules = (
			);
			dependencies = (
				F6600A4F30232DE0003199BC /* PBXTargetDependency */,
			);
			fileSystemSynchronizedGroups = (
				F6600A5030232DE0003199BC /* ProxmoxBarTests */,
			);
			name = ProxmoxBarTests;
			productName = ProxmoxBarTests;
			productReference = F6600A4D30232DE0003199BC /* ProxmoxBarTests.xctest */;
			productType = "com.apple.product-type.bundle.unit-test";
		};
/* End PBXNativeTarget section */

/* Begin PBXProject section */
		F6600A3830232DDE003199BC /* Project object */ = {
			isa = PBXProject;
			attributes = {
				BuildIndependentTargetsInParallel = 1;
				LastSwiftUpdateCheck = 2700;
				LastUpgradeCheck = 2700;
				TargetAttributes = {
					F63436E430291684008D367B = {
						CreatedOnToolsVersion = 27.0;
					};
					F6600A3F30232DDE003199BC = {
						CreatedOnToolsVersion = 27.0;
					};
					F6600A4C30232DE0003199BC = {
						CreatedOnToolsVersion = 27.0;
						TestTargetID = F6600A3F30232DDE003199BC;
					};
				};
			};
			buildConfigurationList = F6600A3B30232DDE003199BC /* Build configuration list for PBXProject "ProxmoxBar" */;
			developmentRegion = en;
			hasScannedForEncodings = 0;
			knownRegions = (
				en,
				Base,
			);
			mainGroup = F6600A3730232DDE003199BC;
			minimizedProjectReferenceProxies = 1;
			packageReferences = (
				F67C17C23025DB2300F46744 /* XCRemoteSwiftPackageReference "Sparkle" */,
			);
			preferredProjectObjectVersion = 77;
			productRefGroup = F6600A4130232DDE003199BC /* Products */;
			projectDirPath = "";
			projectRoot = "";
			targets = (
				F6600A3F30232DDE003199BC /* ProxmoxBar */,
				F6600A4C30232DE0003199BC /* ProxmoxBarTests */,
				F63436E430291684008D367B /* ProxmoxBarWidgetExtension */,
			);
		};
/* End PBXProject section */

/* Begin PBXResourcesBuildPhase section */
		F63436E330291684008D367B /* Resources */ = {
			isa = PBXResourcesBuildPhase;
			files = (
			);
		};
		F6600A3E30232DDE003199BC /* Resources */ = {
			isa = PBXResourcesBuildPhase;
			files = (
			);
		};
		F6600A4B30232DE0003199BC /* Resources */ = {
			isa = PBXResourcesBuildPhase;
			files = (
			);
		};
/* End PBXResourcesBuildPhase section */

/* Begin PBXSourcesBuildPhase section */
		F63436E130291684008D367B /* Sources */ = {
			isa = PBXSourcesBuildPhase;
			files = (
			);
		};
		F6600A3C30232DDE003199BC /* Sources */ = {
			isa = PBXSourcesBuildPhase;
			files = (
			);
		};
		F6600A4930232DE0003199BC /* Sources */ = {
			isa = PBXSourcesBuildPhase;
			files = (
			);
		};
/* End PBXSourcesBuildPhase section */

/* Begin PBXTargetDependency section */
		F63436F530291685008D367B /* PBXTargetDependency */ = {
			isa = PBXTargetDependency;
			target = F63436E430291684008D367B /* ProxmoxBarWidgetExtension */;
			targetProxy = F63436F430291685008D367B /* PBXContainerItemProxy */;
		};
		F6600A4F30232DE0003199BC /* PBXTargetDependency */ = {
			isa = PBXTargetDependency;
			target = F6600A3F30232DDE003199BC /* ProxmoxBar */;
			targetProxy = F6600A4E30232DE0003199BC /* PBXContainerItemProxy */;
		};
/* End PBXTargetDependency section */

/* Begin XCBuildConfiguration section */
		F63436F830291685008D367B /* Debug configuration for PBXNativeTarget "ProxmoxBarWidgetExtension" */ = {
			isa = XCBuildConfiguration;
			buildSettings = {
				ASSETCATALOG_COMPILER_GLOBAL_ACCENT_COLOR_NAME = AccentColor;
				ASSETCATALOG_COMPILER_WIDGET_BACKGROUND_COLOR_NAME = WidgetBackground;
				CODE_SIGN_ENTITLEMENTS = ProxmoxBarWidget/ProxmoxBarWidget.entitlements;
				CODE_SIGN_STYLE = Automatic;
				CURRENT_PROJECT_VERSION = 1;
				DEVELOPMENT_TEAM = DL58RM98AN;
				ENABLE_APP_SANDBOX = YES;
				ENABLE_HARDENED_RUNTIME = YES;
				GENERATE_INFOPLIST_FILE = YES;
				INFOPLIST_FILE = ProxmoxBarWidget/Info.plist;
				INFOPLIST_KEY_CFBundleDisplayName = ProxmoxBarWidget;
				INFOPLIST_KEY_NSHumanReadableCopyright = "";
				LD_RUNPATH_SEARCH_PATHS = (
					"$(inherited)",
					"@executable_path/../Frameworks",
					"@executable_path/../../../../Frameworks",
				);
				MACOSX_DEPLOYMENT_TARGET = 15.0;
				MARKETING_VERSION = 1.0;
				PRODUCT_BUNDLE_IDENTIFIER = com.proxmoxbar.app.ProxmoxBarWidget;
				PRODUCT_NAME = "$(TARGET_NAME)";
				REGISTER_APP_GROUPS = YES;
				SKIP_INSTALL = YES;
				STRING_CATALOG_GENERATE_SYMBOLS = YES;
				SWIFT_APPROACHABLE_CONCURRENCY = YES;
				SWIFT_EMIT_LOC_STRINGS = YES;
				SWIFT_UPCOMING_FEATURE_MEMBER_IMPORT_VISIBILITY = YES;
				SWIFT_VERSION = 6.0;
			};
			name = Debug;
		};
		F63436F930291685008D367B /* Release configuration for PBXNativeTarget "ProxmoxBarWidgetExtension" */ = {
			isa = XCBuildConfiguration;
			buildSettings = {
				ASSETCATALOG_COMPILER_GLOBAL_ACCENT_COLOR_NAME = AccentColor;
				ASSETCATALOG_COMPILER_WIDGET_BACKGROUND_COLOR_NAME = WidgetBackground;
				CODE_SIGN_ENTITLEMENTS = ProxmoxBarWidget/ProxmoxBarWidget.entitlements;
				CODE_SIGN_STYLE = Automatic;
				CURRENT_PROJECT_VERSION = 1;
				DEVELOPMENT_TEAM = DL58RM98AN;
				ENABLE_APP_SANDBOX = YES;
				ENABLE_HARDENED_RUNTIME = YES;
				GENERATE_INFOPLIST_FILE = YES;
				INFOPLIST_FILE = ProxmoxBarWidget/Info.plist;
				INFOPLIST_KEY_CFBundleDisplayName = ProxmoxBarWidget;
				INFOPLIST_KEY_NSHumanReadableCopyright = "";
				LD_RUNPATH_SEARCH_PATHS = (
					"$(inherited)",
					"@executable_path/../Frameworks",
					"@executable_path/../../../../Frameworks",
				);
				MACOSX_DEPLOYMENT_TARGET = 15.0;
				MARKETING_VERSION = 1.0;
				PRODUCT_BUNDLE_IDENTIFIER = com.proxmoxbar.app.ProxmoxBarWidget;
				PRODUCT_NAME = "$(TARGET_NAME)";
				REGISTER_APP_GROUPS = YES;
				SKIP_INSTALL = YES;
				STRING_CATALOG_GENERATE_SYMBOLS = YES;
				SWIFT_APPROACHABLE_CONCURRENCY = YES;
				SWIFT_EMIT_LOC_STRINGS = YES;
				SWIFT_UPCOMING_FEATURE_MEMBER_IMPORT_VISIBILITY = YES;
				SWIFT_VERSION = 6.0;
			};
			name = Release;
		};
		F6600A5D30232DE0003199BC /* Debug configuration for PBXProject "ProxmoxBar" */ = {
			isa = XCBuildConfiguration;
			buildSettings = {
				ALWAYS_SEARCH_USER_PATHS = NO;
				ASSETCATALOG_COMPILER_GENERATE_SWIFT_ASSET_SYMBOL_EXTENSIONS = YES;
				CLANG_ANALYZER_NONNULL = YES;
				CLANG_ANALYZER_NUMBER_OBJECT_CONVERSION = YES_AGGRESSIVE;
				CLANG_CXX_LANGUAGE_STANDARD = "gnu++20";
				CLANG_ENABLE_MODULES = YES;
				CLANG_ENABLE_OBJC_ARC = YES;
				CLANG_ENABLE_OBJC_WEAK = YES;
				CLANG_WARN_BLOCK_CAPTURE_AUTORELEASING = YES;
				CLANG_WARN_BOOL_CONVERSION = YES;
				CLANG_WARN_COMMA = YES;
				CLANG_WARN_CONSTANT_CONVERSION = YES;
				CLANG_WARN_DEPRECATED_OBJC_IMPLEMENTATIONS = YES;
				CLANG_WARN_DIRECT_OBJC_ISA_USAGE = YES_ERROR;
				CLANG_WARN_DOCUMENTATION_COMMENTS = YES;
				CLANG_WARN_EMPTY_BODY = YES;
				CLANG_WARN_ENUM_CONVERSION = YES;
				CLANG_WARN_INFINITE_RECURSION = YES;
				CLANG_WARN_INT_CONVERSION = YES;
				CLANG_WARN_NON_LITERAL_NULL_CONVERSION = YES;
				CLANG_WARN_OBJC_IMPLICIT_RETAIN_SELF = YES;
				CLANG_WARN_OBJC_LITERAL_CONVERSION = YES;
				CLANG_WARN_OBJC_ROOT_CLASS = YES_ERROR;
				CLANG_WARN_QUOTED_INCLUDE_IN_FRAMEWORK_HEADER = YES;
				CLANG_WARN_RANGE_LOOP_ANALYSIS = YES;
				CLANG_WARN_STRICT_PROTOTYPES = YES;
				CLANG_WARN_SUSPICIOUS_MOVE = YES;
				CLANG_WARN_UNGUARDED_AVAILABILITY = YES_AGGRESSIVE;
				CLANG_WARN_UNREACHABLE_CODE = YES;
				CLANG_WARN__DUPLICATE_METHOD_MATCH = YES;
				COPY_PHASE_STRIP = NO;
				DEBUG_INFORMATION_FORMAT = dwarf;
				DEVELOPMENT_TEAM = DL58RM98AN;
				ENABLE_STRICT_OBJC_MSGSEND = YES;
				ENABLE_TESTABILITY = YES;
				ENABLE_USER_SCRIPT_SANDBOXING = YES;
				GCC_C_LANGUAGE_STANDARD = gnu17;
				GCC_DYNAMIC_NO_PIC = NO;
				GCC_NO_COMMON_BLOCKS = YES;
				GCC_OPTIMIZATION_LEVEL = 0;
				GCC_PREPROCESSOR_DEFINITIONS = (
					"DEBUG=1",
					"$(inherited)",
				);
				GCC_WARN_64_TO_32_BIT_CONVERSION = YES;
				GCC_WARN_ABOUT_RETURN_TYPE = YES_ERROR;
				GCC_WARN_UNDECLARED_SELECTOR = YES;
				GCC_WARN_UNINITIALIZED_AUTOS = YES_AGGRESSIVE;
				GCC_WARN_UNUSED_FUNCTION = YES;
				GCC_WARN_UNUSED_VARIABLE = YES;
				LOCALIZATION_PREFERS_STRING_CATALOGS = YES;
				MACOSX_DEPLOYMENT_TARGET = 15.0;
				MTL_ENABLE_DEBUG_INFO = INCLUDE_SOURCE;
				MTL_FAST_MATH = YES;
				ONLY_ACTIVE_ARCH = YES;
				SDKROOT = macosx;
				SWIFT_ACTIVE_COMPILATION_CONDITIONS = "DEBUG $(inherited)";
				SWIFT_OPTIMIZATION_LEVEL = "-Onone";
			};
			name = Debug;
		};
		F6600A5E30232DE0003199BC /* Release configuration for PBXProject "ProxmoxBar" */ = {
			isa = XCBuildConfiguration;
			buildSettings = {
				ALWAYS_SEARCH_USER_PATHS = NO;
				ASSETCATALOG_COMPILER_GENERATE_SWIFT_ASSET_SYMBOL_EXTENSIONS = YES;
				CLANG_ANALYZER_NONNULL = YES;
				CLANG_ANALYZER_NUMBER_OBJECT_CONVERSION = YES_AGGRESSIVE;
				CLANG_CXX_LANGUAGE_STANDARD = "gnu++20";
				CLANG_ENABLE_MODULES = YES;
				CLANG_ENABLE_OBJC_ARC = YES;
				CLANG_ENABLE_OBJC_WEAK = YES;
				CLANG_WARN_BLOCK_CAPTURE_AUTORELEASING = YES;
				CLANG_WARN_BOOL_CONVERSION = YES;
				CLANG_WARN_COMMA = YES;
				CLANG_WARN_CONSTANT_CONVERSION = YES;
				CLANG_WARN_DEPRECATED_OBJC_IMPLEMENTATIONS = YES;
				CLANG_WARN_DIRECT_OBJC_ISA_USAGE = YES_ERROR;
				CLANG_WARN_DOCUMENTATION_COMMENTS = YES;
				CLANG_WARN_EMPTY_BODY = YES;
				CLANG_WARN_ENUM_CONVERSION = YES;
				CLANG_WARN_INFINITE_RECURSION = YES;
				CLANG_WARN_INT_CONVERSION = YES;
				CLANG_WARN_NON_LITERAL_NULL_CONVERSION = YES;
				CLANG_WARN_OBJC_IMPLICIT_RETAIN_SELF = YES;
				CLANG_WARN_OBJC_LITERAL_CONVERSION = YES;
				CLANG_WARN_OBJC_ROOT_CLASS = YES_ERROR;
				CLANG_WARN_QUOTED_INCLUDE_IN_FRAMEWORK_HEADER = YES;
				CLANG_WARN_RANGE_LOOP_ANALYSIS = YES;
				CLANG_WARN_STRICT_PROTOTYPES = YES;
				CLANG_WARN_SUSPICIOUS_MOVE = YES;
				CLANG_WARN_UNGUARDED_AVAILABILITY = YES_AGGRESSIVE;
				CLANG_WARN_UNREACHABLE_CODE = YES;
				CLANG_WARN__DUPLICATE_METHOD_MATCH = YES;
				COPY_PHASE_STRIP = NO;
				DEBUG_INFORMATION_FORMAT = "dwarf-with-dsym";
				DEVELOPMENT_TEAM = DL58RM98AN;
				ENABLE_NS_ASSERTIONS = NO;
				ENABLE_STRICT_OBJC_MSGSEND = YES;
				ENABLE_USER_SCRIPT_SANDBOXING = YES;
				GCC_C_LANGUAGE_STANDARD = gnu17;
				GCC_NO_COMMON_BLOCKS = YES;
				GCC_WARN_64_TO_32_BIT_CONVERSION = YES;
				GCC_WARN_ABOUT_RETURN_TYPE = YES_ERROR;
				GCC_WARN_UNDECLARED_SELECTOR = YES;
				GCC_WARN_UNINITIALIZED_AUTOS = YES_AGGRESSIVE;
				GCC_WARN_UNUSED_FUNCTION = YES;
				GCC_WARN_UNUSED_VARIABLE = YES;
				LOCALIZATION_PREFERS_STRING_CATALOGS = YES;
				MACOSX_DEPLOYMENT_TARGET = 15.0;
				MTL_ENABLE_DEBUG_INFO = NO;
				MTL_FAST_MATH = YES;
				SDKROOT = macosx;
				SWIFT_COMPILATION_MODE = wholemodule;
			};
			name = Release;
		};
		F6600A6030232DE0003199BC /* Debug configuration for PBXNativeTarget "ProxmoxBar" */ = {
			isa = XCBuildConfiguration;
			buildSettings = {
				ASSETCATALOG_COMPILER_APPICON_NAME = AppIcon;
				ASSETCATALOG_COMPILER_GLOBAL_ACCENT_COLOR_NAME = AccentColor;
				ASSETCATALOG_COMPILER_INCLUDE_ALL_APPICON_ASSETS = YES;
				CODE_SIGN_ENTITLEMENTS = ProxmoxBar/ProxmoxBar.entitlements;
				CODE_SIGN_STYLE = Automatic;
				COMBINE_HIDPI_IMAGES = YES;
				CURRENT_PROJECT_VERSION = 3;
				DEVELOPMENT_TEAM = DL58RM98AN;
				ENABLE_APP_SANDBOX = YES;
				ENABLE_HARDENED_RUNTIME = YES;
				ENABLE_OUTGOING_NETWORK_CONNECTIONS = YES;
				ENABLE_PREVIEWS = YES;
				GENERATE_INFOPLIST_FILE = YES;
				INFOPLIST_FILE = ProxmoxBar/Info.plist;
				INFOPLIST_KEY_CFBundleDisplayName = ProxmoxBar;
				INFOPLIST_KEY_LSApplicationCategoryType = "public.app-category.developer-tools";
				INFOPLIST_KEY_LSUIElement = YES;
				INFOPLIST_KEY_NSHumanReadableCopyright = "";
				LD_RUNPATH_SEARCH_PATHS = (
					"$(inherited)",
					"@executable_path/../Frameworks",
				);
				MARKETING_VERSION = 3.0.0;
				PRODUCT_BUNDLE_IDENTIFIER = com.proxmoxbar.app;
				PRODUCT_NAME = "$(TARGET_NAME)";
				REGISTER_APP_GROUPS = YES;
				SPARKLE_PUBLIC_ED_KEY = "";
				STRING_CATALOG_GENERATE_SYMBOLS = YES;
				SWIFT_APPROACHABLE_CONCURRENCY = YES;
				SWIFT_DEFAULT_ACTOR_ISOLATION = nonisolated;
				SWIFT_EMIT_LOC_STRINGS = YES;
				SWIFT_UPCOMING_FEATURE_MEMBER_IMPORT_VISIBILITY = YES;
				SWIFT_VERSION = 6.0;
			};
			name = Debug;
		};
		F6600A6130232DE0003199BC /* Release configuration for PBXNativeTarget "ProxmoxBar" */ = {
			isa = XCBuildConfiguration;
			buildSettings = {
				ASSETCATALOG_COMPILER_APPICON_NAME = AppIcon;
				ASSETCATALOG_COMPILER_GLOBAL_ACCENT_COLOR_NAME = AccentColor;
				ASSETCATALOG_COMPILER_INCLUDE_ALL_APPICON_ASSETS = YES;
				CODE_SIGN_ENTITLEMENTS = ProxmoxBar/ProxmoxBar.entitlements;
				CODE_SIGN_STYLE = Automatic;
				COMBINE_HIDPI_IMAGES = YES;
				CURRENT_PROJECT_VERSION = 3;
				DEVELOPMENT_TEAM = DL58RM98AN;
				ENABLE_APP_SANDBOX = YES;
				ENABLE_HARDENED_RUNTIME = YES;
				ENABLE_OUTGOING_NETWORK_CONNECTIONS = YES;
				ENABLE_PREVIEWS = YES;
				GENERATE_INFOPLIST_FILE = YES;
				INFOPLIST_FILE = ProxmoxBar/Info.plist;
				INFOPLIST_KEY_CFBundleDisplayName = ProxmoxBar;
				INFOPLIST_KEY_LSApplicationCategoryType = "public.app-category.developer-tools";
				INFOPLIST_KEY_LSUIElement = YES;
				INFOPLIST_KEY_NSHumanReadableCopyright = "";
				LD_RUNPATH_SEARCH_PATHS = (
					"$(inherited)",
					"@executable_path/../Frameworks",
				);
				MARKETING_VERSION = 3.0.0;
				PRODUCT_BUNDLE_IDENTIFIER = com.proxmoxbar.app;
				PRODUCT_NAME = "$(TARGET_NAME)";
				REGISTER_APP_GROUPS = YES;
				SPARKLE_PUBLIC_ED_KEY = "";
				STRING_CATALOG_GENERATE_SYMBOLS = YES;
				SWIFT_APPROACHABLE_CONCURRENCY = YES;
				SWIFT_DEFAULT_ACTOR_ISOLATION = nonisolated;
				SWIFT_EMIT_LOC_STRINGS = YES;
				SWIFT_UPCOMING_FEATURE_MEMBER_IMPORT_VISIBILITY = YES;
				SWIFT_VERSION = 6.0;
			};
			name = Release;
		};
		F6600A6330232DE0003199BC /* Debug configuration for PBXNativeTarget "ProxmoxBarTests" */ = {
			isa = XCBuildConfiguration;
			buildSettings = {
				BUNDLE_LOADER = "$(TEST_HOST)";
				CODE_SIGN_STYLE = Automatic;
				CURRENT_PROJECT_VERSION = 3;
				DEVELOPMENT_TEAM = DL58RM98AN;
				GENERATE_INFOPLIST_FILE = YES;
				MACOSX_DEPLOYMENT_TARGET = 15.0;
				MARKETING_VERSION = 3.0.0;
				PRODUCT_BUNDLE_IDENTIFIER = com.proxmoxbar.app.tests;
				PRODUCT_NAME = "$(TARGET_NAME)";
				STRING_CATALOG_GENERATE_SYMBOLS = NO;
				SWIFT_APPROACHABLE_CONCURRENCY = YES;
				SWIFT_EMIT_LOC_STRINGS = NO;
				SWIFT_UPCOMING_FEATURE_MEMBER_IMPORT_VISIBILITY = YES;
				SWIFT_VERSION = 6.0;
				TEST_HOST = "$(BUILT_PRODUCTS_DIR)/ProxmoxBar.app/$(BUNDLE_EXECUTABLE_FOLDER_PATH)/ProxmoxBar";
			};
			name = Debug;
		};
		F6600A6430232DE0003199BC /* Release configuration for PBXNativeTarget "ProxmoxBarTests" */ = {
			isa = XCBuildConfiguration;
			buildSettings = {
				BUNDLE_LOADER = "$(TEST_HOST)";
				CODE_SIGN_STYLE = Automatic;
				CURRENT_PROJECT_VERSION = 3;
				DEVELOPMENT_TEAM = DL58RM98AN;
				GENERATE_INFOPLIST_FILE = YES;
				MACOSX_DEPLOYMENT_TARGET = 15.0;
				MARKETING_VERSION = 3.0.0;
				PRODUCT_BUNDLE_IDENTIFIER = com.proxmoxbar.app.tests;
				PRODUCT_NAME = "$(TARGET_NAME)";
				STRING_CATALOG_GENERATE_SYMBOLS = NO;
				SWIFT_APPROACHABLE_CONCURRENCY = YES;
				SWIFT_EMIT_LOC_STRINGS = NO;
				SWIFT_UPCOMING_FEATURE_MEMBER_IMPORT_VISIBILITY = YES;
				SWIFT_VERSION = 6.0;
				TEST_HOST = "$(BUILT_PRODUCTS_DIR)/ProxmoxBar.app/$(BUNDLE_EXECUTABLE_FOLDER_PATH)/ProxmoxBar";
			};
			name = Release;
		};
/* End XCBuildConfiguration section */

/* Begin XCConfigurationList section */
		F63436F730291685008D367B /* Build configuration list for PBXNativeTarget "ProxmoxBarWidgetExtension" */ = {
			isa = XCConfigurationList;
			buildConfigurations = (
				F63436F830291685008D367B /* Debug configuration for PBXNativeTarget "ProxmoxBarWidgetExtension" */,
				F63436F930291685008D367B /* Release configuration for PBXNativeTarget "ProxmoxBarWidgetExtension" */,
			);
			defaultConfigurationName = Release;
		};
		F6600A3B30232DDE003199BC /* Build configuration list for PBXProject "ProxmoxBar" */ = {
			isa = XCConfigurationList;
			buildConfigurations = (
				F6600A5D30232DE0003199BC /* Debug configuration for PBXProject "ProxmoxBar" */,
				F6600A5E30232DE0003199BC /* Release configuration for PBXProject "ProxmoxBar" */,
			);
			defaultConfigurationName = Release;
		};
		F6600A5F30232DE0003199BC /* Build configuration list for PBXNativeTarget "ProxmoxBar" */ = {
			isa = XCConfigurationList;
			buildConfigurations = (
				F6600A6030232DE0003199BC /* Debug configuration for PBXNativeTarget "ProxmoxBar" */,
				F6600A6130232DE0003199BC /* Release configuration for PBXNativeTarget "ProxmoxBar" */,
			);
			defaultConfigurationName = Release;
		};
		F6600A6230232DE0003199BC /* Build configuration list for PBXNativeTarget "ProxmoxBarTests" */ = {
			isa = XCConfigurationList;
			buildConfigurations = (
				F6600A6330232DE0003199BC /* Debug configuration for PBXNativeTarget "ProxmoxBarTests" */,
				F6600A6430232DE0003199BC /* Release configuration for PBXNativeTarget "ProxmoxBarTests" */,
			);
			defaultConfigurationName = Release;
		};
/* End XCConfigurationList section */

/* Begin XCRemoteSwiftPackageReference section */
		F67C17C23025DB2300F46744 /* XCRemoteSwiftPackageReference "Sparkle" */ = {
			isa = XCRemoteSwiftPackageReference;
			repositoryURL = "https://github.com/sparkle-project/Sparkle";
			requirement = {
				kind = upToNextMajorVersion;
				minimumVersion = 2.9.5;
			};
		};
/* End XCRemoteSwiftPackageReference section */

/* Begin XCSwiftPackageProductDependency section */
		F67C18873025DC3A00F46744 /* Sparkle */ = {
			isa = XCSwiftPackageProductDependency;
			package = F67C17C23025DB2300F46744 /* XCRemoteSwiftPackageReference "Sparkle" */;
			productName = Sparkle;
		};
/* End XCSwiftPackageProductDependency section */
	};
	rootObject = F6600A3830232DDE003199BC /* Project object */;
	validationLevel = 1;
}
